
Microsoft Visual Studio Solution File, Format Version 12.00
# Visual Studio 14
VisualStudioVersion = 14.0.23107.0
MinimumVisualStudioVersion = 10.0.40219.1
Project("{FAE04EC0-301F-11D3-BF4B-00C04F79EFBC}") = "Configify.Test", "test\Configify.Test\Configify.Test.csproj", "{CDF2CE3C-1DDF-4117-A90F-E8B213DE2C9B}"
EndProject
Project("{2150E333-8FDC-42A3-9474-1A3956D46DE8}") = "Test", "Test", "{816B1FCB-C74F-458A-9ED5-F815D1A07F05}"
EndProject
Project("{FAE04EC0-301F-11D3-BF4B-00C04F79EFBC}") = "Configify", "src\Configify\Configify.csproj", "{CC29EF8D-9A19-4193-A2AC-D78DBEAB7991}"
EndProject
Project("{FAE04EC0-301F-11D3-BF4B-00C04F79EFBC}") = "Configify.Web", "src\Configify.Web\Configify.Web.csproj", "{86E368B4-734A-4969-98F9-F6FE3086F5C8}"
EndProject
Project("{FAE04EC0-301F-11D3-BF4B-00C04F79EFBC}") = "Configify.Data.Fakes", "src\Configify.Data.Fakes\Configify.Data.Fakes.csproj", "{2D799FE3-61F2-4B58-A737-FF85EBC57B64}"
EndProject
Global
	GlobalSection(SolutionConfigurationPlatforms) = preSolution
		Debug|Any CPU = Debug|Any CPU
		Release|Any CPU = Release|Any CPU
	EndGlobalSection
	GlobalSection(ProjectConfigurationPlatforms) = postSolution
		{CDF2CE3C-1DDF-4117-A90F-E8B213DE2C9B}.Debug|Any CPU.ActiveCfg = Debug|Any CPU
		{CDF2CE3C-1DDF-4117-A90F-E8B213DE2C9B}.Debug|Any CPU.Build.0 = Debug|Any CPU
		{CDF2CE3C-1DDF-4117-A90F-E8B213DE2C9B}.Release|Any CPU.ActiveCfg = Release|Any CPU
		{CDF2CE3C-1DDF-4117-A90F-E8B213DE2C9B}.Release|Any CPU.Build.0 = Release|Any CPU
		{CC29EF8D-9A19-4193-A2AC-D78DBEAB7991}.Debug|Any CPU.ActiveCfg = Debug|Any CPU
		{CC29EF8D-9A19-4193-A2AC-D78DBEAB7991}.Debug|Any CPU.Build.0 = Debug|Any CPU
		{CC29EF8D-9A19-4193-A2AC-D78DBEAB7991}.Release|Any CPU.ActiveCfg = Release|Any CPU
		{CC29EF8D-9A19-4193-A2AC-D78DBEAB7991}.Release|Any CPU.Build.0 = Release|Any CPU
		{86E368B4-734A-4969-98F9-F6FE3086F5C8}.Debug|Any CPU.ActiveCfg = Debug|Any CPU
		{86E368B4-734A-4969-98F9-F6FE3086F5C8}.Debug|Any CPU.Build.0 = Debug|Any CPU
		{86E368B4-734A-4969-98F9-F6FE3086F5C8}.Release|Any CPU.ActiveCfg = Release|Any CPU
		{86E368B4-734A-4969-98F9-F6FE3086F5C8}.Release|Any CPU.Build.0 = Release|Any CPU
		{2D799FE3-61F2-4B58-A737-FF85EBC57B64}.Debug|Any CPU.ActiveCfg = Debug|Any CPU
		{2D799FE3-61F2-4B58-A737-FF85EBC57B64}.Debug|Any CPU.Build.0 = Debug|Any CPU
		{2D799FE3-61F2-4B58-A737-FF85EBC57B64}.Release|Any CPU.ActiveCfg = Release|Any CPU
		{2D799FE3-61F2-4B58-A737-FF85EBC57B64}.Release|Any CPU.Build.0 = Release|Any CPU
	EndGlobalSection
	GlobalSection(SolutionProperties) = preSolution
		HideSolutionNode = FALSE
	EndGlobalSection
	GlobalSection(NestedProjects) = preSolution
		{CDF2CE3C-1DDF-4117-A90F-E8B213DE2C9B} = {816B1FCB-C74F-458A-9ED5-F815D1A07F05}
	EndGlobalSection
EndGlobal
